Microsoft Visual Studio Solution File, Format Version 11.00
# Visual Studio 2010
Project("{FAE04EC0-301F-11D3-BF4B-00C04F79EFBC}") = "LowPolyLandscaper", "Assembly-CSharp.csproj", "{031BC62D-9FDA-2552-7587-99DF7471DE1F}"
EndProject
Project("{FAE04EC0-301F-11D3-BF4B-00C04F79EFBC}") = "LowPolyLandscaper", "Assembly-CSharp-Editor.csproj", "{3015692B-0126-1E9D-5B39-8FA841882BAB}"
EndProject
Global
	GlobalSection(SolutionConfigurationPlatforms) = preSolution
		Debug|Any CPU = Debug|Any CPU
		Release|Any CPU = Release|Any CPU
	EndGlobalSection
	GlobalSection(ProjectConfigurationPlatforms) = postSolution
		{031BC62D-9FDA-2552-7587-99DF7471DE1F}.Debug|Any CPU.ActiveCfg = Debug|Any CPU
		{031BC62D-9FDA-2552-7587-99DF7471DE1F}.Debug|Any CPU.Build.0 = Debug|Any CPU
		{031BC62D-9FDA-2552-7587-99DF7471DE1F}.Release|Any CPU.ActiveCfg = Release|Any CPU
		{031BC62D-9FDA-2552-7587-99DF7471DE1F}.Release|Any CPU.Build.0 = Release|Any CPU
		{3015692B-0126-1E9D-5B39-8FA841882BAB}.Debug|Any CPU.ActiveCfg = Debug|Any CPU
		{3015692B-0126-1E9D-5B39-8FA841882BAB}.Debug|Any CPU.Build.0 = Debug|Any CPU
		{3015692B-0126-1E9D-5B39-8FA841882BAB}.Release|Any CPU.ActiveCfg = Release|Any CPU
		{3015692B-0126-1E9D-5B39-8FA841882BAB}.Release|Any CPU.Build.0 = Release|Any CPU
	EndGlobalSection
	GlobalSection(MonoDevelopProperties) = preSolution
		StartupItem = Assembly-CSharp.csproj
	EndGlobalSection
EndGlobal
